
Microsoft Visual Studio Solution File, Format Version 12.00
# Visual Studio Version 17
VisualStudioVersion = 17.14.36908.2 d17.14
MinimumVisualStudioVersion = 10.0.40219.1
Project("{8BC9CEB8-8B4A-11D0-8D11-00A0C91BC942}") = "LayoutsApp", "LayoutsApp\LayoutsApp.vcxproj", "{249C9D9B-51D9-A1AE-348D-70504868CAA7}"
EndProject
Project("{8BC9CEB8-8B4A-11D0-8D11-00A0C91BC942}") = "Layouts", "Layouts\Layouts.vcxproj", "{5091E3F4-C8E7-48A5-ADCE-8E046FC1E737}"
EndProject
Global
	GlobalSection(SolutionConfigurationPlatforms) = preSolution
		Debug|x64 = Debug|x64
		Debug|x86 = Debug|x86
		Release|x64 = Release|x64
		Release|x86 = Release|x86
	EndGlobalSection
	GlobalSection(ProjectConfigurationPlatforms) = postSolution
		{249C9D9B-51D9-A1AE-348D-70504868CAA7}.Debug|x64.ActiveCfg = Debug|x64
		{249C9D9B-51D9-A1AE-348D-70504868CAA7}.Debug|x64.Build.0 = Debug|x64
		{249C9D9B-51D9-A1AE-348D-70504868CAA7}.Debug|x86.ActiveCfg = Debug|Win32
		{249C9D9B-51D9-A1AE-348D-70504868CAA7}.Debug|x86.Build.0 = Debug|Win32
		{249C9D9B-51D9-A1AE-348D-70504868CAA7}.Release|x64.ActiveCfg = Release|x64
		{249C9D9B-51D9-A1AE-348D-70504868CAA7}.Release|x64.Build.0 = Release|x64
		{249C9D9B-51D9-A1AE-348D-70504868CAA7}.Release|x86.ActiveCfg = Release|Win32
		{249C9D9B-51D9-A1AE-348D-70504868CAA7}.Release|x86.Build.0 = Release|Win32
		{5091E3F4-C8E7-48A5-ADCE-8E046FC1E737}.Debug|x64.ActiveCfg = Debug|x64
		{5091E3F4-C8E7-48A5-ADCE-8E046FC1E737}.Debug|x64.Build.0 = Debug|x64
		{5091E3F4-C8E7-48A5-ADCE-8E046FC1E737}.Debug|x86.ActiveCfg = Debug|Win32
		{5091E3F4-C8E7-48A5-ADCE-8E046FC1E737}.Debug|x86.Build.0 = Debug|Win32
		{5091E3F4-C8E7-48A5-ADCE-8E046FC1E737}.Release|x64.ActiveCfg = Release|x64
		{5091E3F4-C8E7-48A5-ADCE-8E046FC1E737}.Release|x64.Build.0 = Release|x64
		{5091E3F4-C8E7-48A5-ADCE-8E046FC1E737}.Release|x86.ActiveCfg = Release|Win32
		{5091E3F4-C8E7-48A5-ADCE-8E046FC1E737}.Release|x86.Build.0 = Release|Win32
	EndGlobalSection
	GlobalSection(SolutionProperties) = preSolution
		HideSolutionNode = FALSE
	EndGlobalSection
	GlobalSection(ExtensibilityGlobals) = postSolution
		SolutionGuid = {67A83713-F77B-4298-B5BF-696B3CB0584F}
	EndGlobalSection
EndGlobal
